// !$*UTF8*$!
{
	archiveVersion = 1;
	classes = {
	};
	objectVersion = 46;
	objects = {

/* Begin PBXBuildFile section */
		4C847D3417846B3A00DD72C2 /* DIMain.m in Sources */ = {isa = PBXBuildFile; fileRef = 4C847D3317846B3A00DD72C2 /* DIMain.m */; };
		4C93C48C17831F370056C596 /* Cocoa.framework in Frameworks */ = {isa = PBXBuildFile; fileRef = 4C93C48B17831F370056C596 /* Cocoa.framework */; };
		4C93C49617831F370056C596 /* InfoPlist.strings in Resources */ = {isa = PBXBuildFile; fileRef = 4C93C49417831F370056C596 /* InfoPlist.strings */; };
		4C93C49817831F370056C596 /* main.m in Sources */ = {isa = PBXBuildFile; fileRef = 4C93C49717831F370056C596 /* main.m */; };
		4C93C49C17831F370056C596 /* Credits.rtf in Resources */ = {isa = PBXBuildFile; fileRef = 4C93C49A17831F370056C596 /* Credits.rtf */; };
		4C93C49F17831F370056C596 /* AppDelegate.m in Sources */ = {isa = PBXBuildFile; fileRef = 4C93C49E17831F370056C596 /* AppDelegate.m */; };
		4C93C4A217831F370056C596 /* MainMenu.xib in Resources */ = {isa = PBXBuildFile; fileRef = 4C93C4A017831F370056C596 /* MainMenu.xib */; };
		4C93C4AA17831F370056C596 /* SenTestingKit.framework in Frameworks */ = {isa = PBXBuildFile; fileRef = 4C93C4A917831F370056C596 /* SenTestingKit.framework */; };
		4C93C4AB17831F370056C596 /* Cocoa.framework in Frameworks */ = {isa = PBXBuildFile; fileRef = 4C93C48B17831F370056C596 /* Cocoa.framework */; };
		4C93C4B317831F370056C596 /* InfoPlist.strings in Resources */ = {isa = PBXBuildFile; fileRef = 4C93C4B117831F370056C596 /* InfoPlist.strings */; };
		4C93C4B617831F370056C596 /* DeskImageTests.m in Sources */ = {isa = PBXBuildFile; fileRef = 4C93C4B517831F370056C596 /* DeskImageTests.m */; };
/* End PBXBuildFile section */

/* Begin PBXContainerItemProxy section */
		4C93C4AC17831F370056C596 /* PBXContainerItemProxy */ = {
			isa = PBXContainerItemProxy;
			containerPortal = 4C93C48017831F360056C596 /* Project object */;
			proxyType = 1;
			remoteGlobalIDString = 4C93C48717831F370056C596;
			remoteInfo = DeskImage;
		};
/* End PBXContainerItemProxy section */

/* Begin PBXFileReference section */
		4C847D3217846B3A00DD72C2 /* DIMain.h */ = {isa = PBXFileReference; fileEncoding = 4; lastKnownFileType = sourcecode.c.h; path = DIMain.h; sourceTree = "<group>"; };
		4C847D3317846B3A00DD72C2 /* DIMain.m */ = {isa = PBXFileReference; fileEncoding = 4; lastKnownFileType = sourcecode.c.objc; path = DIMain.m; sourceTree = "<group>"; };
		4C93C48817831F370056C596 /* DeskImage.app */ = {isa = PBXFileReference; explicitFileType = wrapper.application; includeInIndex = 0; path = DeskImage.app; sourceTree = BUILT_PRODUCTS_DIR; };
		4C93C48B17831F370056C596 /* Cocoa.framework */ = {isa = PBXFileReference; lastKnownFileType = wrapper.framework; name = Cocoa.framework; path = System/Library/Frameworks/Cocoa.framework; sourceTree = SDKROOT; };
		4C93C48E17831F370056C596 /* AppKit.framework */ = {isa = PBXFileReference; lastKnownFileType = wrapper.framework; name = AppKit.framework; path = System/Library/Frameworks/AppKit.framework; sourceTree = SDKROOT; };
		4C93C48F17831F370056C596 /* CoreData.framework */ = {isa = PBXFileReference; lastKnownFileType = wrapper.framework; name = CoreData.framework; path = System/Library/Frameworks/CoreData.framework; sourceTree = SDKROOT; };
		4C93C49017831F370056C596 /* Foundation.framework */ = {isa = PBXFileReference; lastKnownFileType = wrapper.framework; name = Foundation.framework; path = System/Library/Frameworks/Foundation.framework; sourceTree = SDKROOT; };
		4C93C49317831F370056C596 /* DeskImage-Info.plist */ = {isa = PBXFileReference; lastKnownFileType = text.plist.xml; path = "DeskImage-Info.plist"; sourceTree = "<group>"; };
		4C93C49517831F370056C596 /* en */ = {isa = PBXFileReference; lastKnownFileType = text.plist.strings; name = en; path = en.lproj/InfoPlist.strings; sourceTree = "<group>"; };
		4C93C49717831F370056C596 /* main.m */ = {isa = PBXFileReference; lastKnownFileType = sourcecode.c.objc; path = main.m; sourceTree = "<group>"; };
		4C93C49917831F370056C596 /* DeskImage-Prefix.pch */ = {isa = PBXFileReference; lastKnownFileType = sourcecode.c.h; path = "DeskImage-Prefix.pch"; sourceTree = "<group>"; };
		4C93C49B17831F370056C596 /* en */ = {isa = PBXFileReference; lastKnownFileType = text.rtf; name = en; path = en.lproj/Credits.rtf; sourceTree = "<group>"; };
		4C93C49D17831F370056C596 /* AppDelegate.h */ = {isa = PBXFileReference; lastKnownFileType = sourcecode.c.h; path = AppDelegate.h; sourceTree = "<group>"; };
		4C93C49E17831F370056C596 /* AppDelegate.m */ = {isa = PBXFileReference; lastKnownFileType = sourcecode.c.objc; path = AppDelegate.m; sourceTree = "<group>"; };
		4C93C4A117831F370056C596 /* en */ = {isa = PBXFileReference; lastKnownFileType = file.xib; name = en; path = en.lproj/MainMenu.xib; sourceTree = "<group>"; };
		4C93C4A817831F370056C596 /* DeskImageTests.octest */ = {isa = PBXFileReference; explicitFileType = wrapper.cfbundle; includeInIndex = 0; path = DeskImageTests.octest; sourceTree = BUILT_PRODUCTS_DIR; };
		4C93C4A917831F370056C596 /* SenTestingKit.framework */ = {isa = PBXFileReference; lastKnownFileType = wrapper.framework; name = SenTestingKit.framework; path = Library/Frameworks/SenTestingKit.framework; sourceTree = DEVELOPER_DIR; };
		4C93C4B017831F370056C596 /* DeskImageTests-Info.plist */ = {isa = PBXFileReference; lastKnownFileType = text.plist.xml; path = "DeskImageTests-Info.plist"; sourceTree = "<group>"; };
		4C93C4B217831F370056C596 /* en */ = {isa = PBXFileReference; lastKnownFileType = text.plist.strings; name = en; path = en.lproj/InfoPlist.strings; sourceTree = "<group>"; };
		4C93C4B417831F370056C596 /* DeskImageTests.h */ = {isa = PBXFileReference; lastKnownFileType = sourcecode.c.h; path = DeskImageTests.h; sourceTree = "<group>"; };
		4C93C4B517831F370056C596 /* DeskImageTests.m */ = {isa = PBXFileReference; lastKnownFileType = sourcecode.c.objc; path = DeskImageTests.m; sourceTree = "<group>"; };
/* End PBXFileReference section */

/* Begin PBXFrameworksBuildPhase section */
		4C93C48517831F370056C596 /* Frameworks */ = {
			isa = PBXFrameworksBuildPhase;
			buildActionMask = 2147483647;
			files = (
				4C93C48C17831F370056C596 /* Cocoa.framework in Frameworks */,
			);
			runOnlyForDeploymentPostprocessing = 0;
		};
		4C93C4A417831F370056C596 /* Frameworks */ = {
			isa = PBXFrameworksBuildPhase;
			buildActionMask = 2147483647;
			files = (
				4C93C4AA17831F370056C596 /* SenTestingKit.framework in Frameworks */,
				4C93C4AB17831F370056C596 /* Cocoa.framework in Frameworks */,
			);
			runOnlyForDeploymentPostprocessing = 0;
		};
/* End PBXFrameworksBuildPhase section */

/* Begin PBXGroup section */
		4C93C47F17831F360056C596 = {
			isa = PBXGroup;
			children = (
				4C93C49117831F370056C596 /* DeskImage */,
				4C93C4AE17831F370056C596 /* DeskImageTests */,
				4C93C48A17831F370056C596 /* Frameworks */,
				4C93C48917831F370056C596 /* Products */,
			);
			sourceTree = "<group>";
		};
		4C93C48917831F370056C596 /* Products */ = {
			isa = PBXGroup;
			children = (
				4C93C48817831F370056C596 /* DeskImage.app */,
				4C93C4A817831F370056C596 /* DeskImageTests.octest */,
			);
			name = Products;
			sourceTree = "<group>";
		};
		4C93C48A17831F370056C596 /* Frameworks */ = {
			isa = PBXGroup;
			children = (
				4C93C48B17831F370056C596 /* Cocoa.framework */,
				4C93C4A917831F370056C596 /* SenTestingKit.framework */,
				4C93C48D17831F370056C596 /* Other Frameworks */,
			);
			name = Frameworks;
			sourceTree = "<group>";
		};
		4C93C48D17831F370056C596 /* Other Frameworks */ = {
			isa = PBXGroup;
			children = (
				4C93C48E17831F370056C596 /* AppKit.framework */,
				4C93C48F17831F370056C596 /* CoreData.framework */,
				4C93C49017831F370056C596 /* Foundation.framework */,
			);
			name = "Other Frameworks";
			sourceTree = "<group>";
		};
		4C93C49117831F370056C596 /* DeskImage */ = {
			isa = PBXGroup;
			children = (
				4C93C49D17831F370056C596 /* AppDelegate.h */,
				4C93C49E17831F370056C596 /* AppDelegate.m */,
				4C847D3217846B3A00DD72C2 /* DIMain.h */,
				4C847D3317846B3A00DD72C2 /* DIMain.m */,
				4C93C4A017831F370056C596 /* MainMenu.xib */,
				4C93C49217831F370056C596 /* Supporting Files */,
			);
			path = DeskImage;
			sourceTree = "<group>";
		};
		4C93C49217831F370056C596 /* Supporting Files */ = {
			isa = PBXGroup;
			children = (
				4C93C49317831F370056C596 /* DeskImage-Info.plist */,
				4C93C49417831F370056C596 /* InfoPlist.strings */,
				4C93C49717831F370056C596 /* main.m */,
				4C93C49917831F370056C596 /* DeskImage-Prefix.pch */,
				4C93C49A17831F370056C596 /* Credits.rtf */,
			);
			name = "Supporting Files";
			sourceTree = "<group>";
		};
		4C93C4AE17831F370056C596 /* DeskImageTests */ = {
			isa = PBXGroup;
			children = (
				4C93C4B417831F370056C596 /* DeskImageTests.h */,
				4C93C4B517831F370056C596 /* DeskImageTests.m */,
				4C93C4AF17831F370056C596 /* Supporting Files */,
			);
			path = DeskImageTests;
			sourceTree = "<group>";
		};
		4C93C4AF17831F370056C596 /* Supporting Files */ = {
			isa = PBXGroup;
			children = (
				4C93C4B017831F370056C596 /* DeskImageTests-Info.plist */,
				4C93C4B117831F370056C596 /* InfoPlist.strings */,
			);
			name = "Supporting Files";
			sourceTree = "<group>";
		};
/* End PBXGroup section */

/* Begin PBXNativeTarget section */
		4C93C48717831F370056C596 /* DeskImage */ = {
			isa = PBXNativeTarget;
			buildConfigurationList = 4C93C4B917831F370056C596 /* Build configuration list for PBXNativeTarget "DeskImage" */;
			buildPhases = (
				4C93C48417831F370056C596 /* Sources */,
				4C93C48517831F370056C596 /* Frameworks */,
				4C93C48617831F370056C596 /* Resources */,
			);
			buildRules = (
			);
			dependencies = (
			);
			name = DeskImage;
			productName = DeskImage;
			productReference = 4C93C48817831F370056C596 /* DeskImage.app */;
			productType = "com.apple.product-type.application";
		};
		4C93C4A717831F370056C596 /* DeskImageTests */ = {
			isa = PBXNativeTarget;
			buildConfigurationList = 4C93C4BC17831F370056C596 /* Build configuration list for PBXNativeTarget "DeskImageTests" */;
			buildPhases = (
				4C93C4A317831F370056C596 /* Sources */,
				4C93C4A417831F370056C596 /* Frameworks */,
				4C93C4A517831F370056C596 /* Resources */,
				4C93C4A617831F370056C596 /* ShellScript */,
			);
			buildRules = (
			);
			dependencies = (
				4C93C4AD17831F370056C596 /* PBXTargetDependency */,
			);
			name = DeskImageTests;
			productName = DeskImageTests;
			productReference = 4C93C4A817831F370056C596 /* DeskImageTests.octest */;
			productType = "com.apple.product-type.bundle";
		};
/* End PBXNativeTarget section */

/* Begin PBXProject section */
		4C93C48017831F360056C596 /* Project object */ = {
			isa = PBXProject;
			attributes = {
				LastUpgradeCheck = 0460;
				ORGANIZATIONNAME = "Wingston Sharon";
			};
			buildConfigurationList = 4C93C48317831F360056C596 /* Build configuration list for PBXProject "DeskImage" */;
			compatibilityVersion = "Xcode 3.2";
			developmentRegion = English;
			hasScannedForEncodings = 0;
			knownRegions = (
				en,
			);
			mainGroup = 4C93C47F17831F360056C596;
			productRefGroup = 4C93C48917831F370056C596 /* Products */;
			projectDirPath = "";
			projectRoot = "";
			targets = (
				4C93C48717831F370056C596 /* DeskImage */,
				4C93C4A717831F370056C596 /* DeskImageTests */,
			);
		};
/* End PBXProject section */

/* Begin PBXResourcesBuildPhase section */
		4C93C48617831F370056C596 /* Resources */ = {
			isa = PBXResourcesBuildPhase;
			buildActionMask = 2147483647;
			files = (
				4C93C49617831F370056C596 /* InfoPlist.strings in Resources */,
				4C93C49C17831F370056C596 /* Credits.rtf in Resources */,
				4C93C4A217831F370056C596 /* MainMenu.xib in Resources */,
			);
			runOnlyForDeploymentPostprocessing = 0;
		};
		4C93C4A517831F370056C596 /* Resources */ = {
			isa = PBXResourcesBuildPhase;
			buildActionMask = 2147483647;
			files = (
				4C93C4B317831F370056C596 /* InfoPlist.strings in Resources */,
			);
			runOnlyForDeploymentPostprocessing = 0;
		};
/* End PBXResourcesBuildPhase section */

/* Begin PBXShellScriptBuildPhase section */
		4C93C4A617831F370056C596 /* ShellScript */ = {
			isa = PBXShellScriptBuildPhase;
			buildActionMask = 2147483647;
			files = (
			);
			inputPaths = (
			);
			outputPaths = (
			);
			runOnlyForDeploymentPostprocessing = 0;
			shellPath = /bin/sh;
			shellScript = "# Run the unit tests in this test bundle.\n\"${SYSTEM_DEVELOPER_DIR}/Tools/RunUnitTests\"\n";
		};
/* End PBXShellScriptBuildPhase section */

/* Begin PBXSourcesBuildPhase section */
		4C93C48417831F370056C596 /* Sources */ = {
			isa = PBXSourcesBuildPhase;
			buildActionMask = 2147483647;
			files = (
				4C93C49817831F370056C596 /* main.m in Sources */,
				4C93C49F17831F370056C596 /* AppDelegate.m in Sources */,
				4C847D3417846B3A00DD72C2 /* DIMain.m in Sources */,
			);
			runOnlyForDeploymentPostprocessing = 0;
		};
		4C93C4A317831F370056C596 /* Sources */ = {
			isa = PBXSourcesBuildPhase;
			buildActionMask = 2147483647;
			files = (
				4C93C4B617831F370056C596 /* DeskImageTests.m in Sources */,
			);
			runOnlyForDeploymentPostprocessing = 0;
		};
/* End PBXSourcesBuildPhase section */

/* Begin PBXTargetDependency section */
		4C93C4AD17831F370056C596 /* PBXTargetDependency */ = {
			isa = PBXTargetDependency;
			target = 4C93C48717831F370056C596 /* DeskImage */;
			targetProxy = 4C93C4AC17831F370056C596 /* PBXContainerItemProxy */;
		};
/* End PBXTargetDependency section */

/* Begin PBXVariantGroup section */
		4C93C49417831F370056C596 /* InfoPlist.strings */ = {
			isa = PBXVariantGroup;
			children = (
				4C93C49517831F370056C596 /* en */,
			);
			name = InfoPlist.strings;
			sourceTree = "<group>";
		};
		4C93C49A17831F370056C596 /* Credits.rtf */ = {
			isa = PBXVariantGroup;
			children = (
				4C93C49B17831F370056C596 /* en */,
			);
			name = Credits.rtf;
			sourceTree = "<group>";
		};
		4C93C4A017831F370056C596 /* MainMenu.xib */ = {
			isa = PBXVariantGroup;
			children = (
				4C93C4A117831F370056C596 /* en */,
			);
			name = MainMenu.xib;
			sourceTree = "<group>";
		};
		4C93C4B117831F370056C596 /* InfoPlist.strings */ = {
			isa = PBXVariantGroup;
			children = (
				4C93C4B217831F370056C596 /* en */,
			);
			name = InfoPlist.strings;
			sourceTree = "<group>";
		};
/* End PBXVariantGroup section */

/* Begin XCBuildConfiguration section */
		4C93C4B717831F370056C596 /* Debug */ = {
			isa = XCBuildConfiguration;
			buildSettings = {
				ALWAYS_SEARCH_USER_PATHS = NO;
				ARCHS = "$(ARCHS_STANDARD_64_BIT)";
				CLANG_CXX_LANGUAGE_STANDARD = "gnu++0x";
				CLANG_CXX_LIBRARY = "libc++";
				CLANG_ENABLE_OBJC_ARC = YES;
				CLANG_WARN_CONSTANT_CONVERSION = YES;
				CLANG_WARN_EMPTY_BODY = YES;
				CLANG_WARN_ENUM_CONVERSION = YES;
				CLANG_WARN_INT_CONVERSION = YES;
				CLANG_WARN__DUPLICATE_METHOD_MATCH = YES;
				COPY_PHASE_STRIP = NO;
				GCC_C_LANGUAGE_STANDARD = gnu99;
				GCC_DYNAMIC_NO_PIC = NO;
				GCC_ENABLE_OBJC_EXCEPTIONS = YES;
				GCC_OPTIMIZATION_LEVEL = 0;
				GCC_PREPROCESSOR_DEFINITIONS = (
					"DEBUG=1",
					"$(inherited)",
				);
				GCC_SYMBOLS_PRIVATE_EXTERN = NO;
				GCC_WARN_64_TO_32_BIT_CONVERSION = YES;
				GCC_WARN_ABOUT_RETURN_TYPE = YES;
				GCC_WARN_UNINITIALIZED_AUTOS = YES;
				GCC_WARN_UNUSED_VARIABLE = YES;
				MACOSX_DEPLOYMENT_TARGET = 10.8;
				ONLY_ACTIVE_ARCH = YES;
				SDKROOT = macosx;
			};
			name = Debug;
		};
		4C93C4B817831F370056C596 /* Release */ = {
			isa = XCBuildConfiguration;
			buildSettings = {
				ALWAYS_SEARCH_USER_PATHS = NO;
				ARCHS = "$(ARCHS_STANDARD_64_BIT)";
				CLANG_CXX_LANGUAGE_STANDARD = "gnu++0x";
				CLANG_CXX_LIBRARY = "libc++";
				CLANG_ENABLE_OBJC_ARC = YES;
				CLANG_WARN_CONSTANT_CONVERSION = YES;
				CLANG_WARN_EMPTY_BODY = YES;
				CLANG_WARN_ENUM_CONVERSION = YES;
				CLANG_WARN_INT_CONVERSION = YES;
				CLANG_WARN__DUPLICATE_METHOD_MATCH = YES;
				COPY_PHASE_STRIP = YES;
				DEBUG_INFORMATION_FORMAT = "dwarf-with-dsym";
				GCC_C_LANGUAGE_STANDARD = gnu99;
				GCC_ENABLE_OBJC_EXCEPTIONS = YES;
				GCC_WARN_64_TO_32_BIT_CONVERSION = YES;
				GCC_WARN_ABOUT_RETURN_TYPE = YES;
				GCC_WARN_UNINITIALIZED_AUTOS = YES;
				GCC_WARN_UNUSED_VARIABLE = YES;
				MACOSX_DEPLOYMENT_TARGET = 10.8;
				SDKROOT = macosx;
			};
			name = Release;
		};
		4C93C4BA17831F370056C596 /* Debug */ = {
			isa = XCBuildConfiguration;
			buildSettings = {
				COMBINE_HIDPI_IMAGES = YES;
				GCC_PRECOMPILE_PREFIX_HEADER = YES;
				GCC_PREFIX_HEADER = "DeskImage/DeskImage-Prefix.pch";
				INFOPLIST_FILE = "DeskImage/DeskImage-Info.plist";
				PRODUCT_NAME = "$(TARGET_NAME)";
				WRAPPER_EXTENSION = app;
			};
			name = Debug;
		};
		4C93C4BB17831F370056C596 /* Release */ = {
			isa = XCBuildConfiguration;
			buildSettings = {
				COMBINE_HIDPI_IMAGES = YES;
				GCC_PRECOMPILE_PREFIX_HEADER = YES;
				GCC_PREFIX_HEADER = "DeskImage/DeskImage-Prefix.pch";
				INFOPLIST_FILE = "DeskImage/DeskImage-Info.plist";
				PRODUCT_NAME = "$(TARGET_NAME)";
				WRAPPER_EXTENSION = app;
			};
			name = Release;
		};
		4C93C4BD17831F370056C596 /* Debug */ = {
			isa = XCBuildConfiguration;
			buildSettings = {
				BUNDLE_LOADER = "$(BUILT_PRODUCTS_DIR)/DeskImage.app/Contents/MacOS/DeskImage";
				COMBINE_HIDPI_IMAGES = YES;
				FRAMEWORK_SEARCH_PATHS = "\"$(DEVELOPER_LIBRARY_DIR)/Frameworks\"";
				GCC_PRECOMPILE_PREFIX_HEADER = YES;
				GCC_PREFIX_HEADER = "DeskImage/DeskImage-Prefix.pch";
				INFOPLIST_FILE = "DeskImageTests/DeskImageTests-Info.plist";
				PRODUCT_NAME = "$(TARGET_NAME)";
				TEST_HOST = "$(BUNDLE_LOADER)";
				WRAPPER_EXTENSION = octest;
			};
			name = Debug;
		};
		4C93C4BE17831F370056C596 /* Release */ = {
			isa = XCBuildConfiguration;
			buildSettings = {
				BUNDLE_LOADER = "$(BUILT_PRODUCTS_DIR)/DeskImage.app/Contents/MacOS/DeskImage";
				COMBINE_HIDPI_IMAGES = YES;
				FRAMEWORK_SEARCH_PATHS = "\"$(DEVELOPER_LIBRARY_DIR)/Frameworks\"";
				GCC_PRECOMPILE_PREFIX_HEADER = YES;
				GCC_PREFIX_HEADER = "DeskImage/DeskImage-Prefix.pch";
				INFOPLIST_FILE = "DeskImageTests/DeskImageTests-Info.plist";
				PRODUCT_NAME = "$(TARGET_NAME)";
				TEST_HOST = "$(BUNDLE_LOADER)";
				WRAPPER_EXTENSION = octest;
			};
			name = Release;
		};
/* End XCBuildConfiguration section */

/* Begin XCConfigurationList section */
		4C93C48317831F360056C596 /* Build configuration list for PBXProject "DeskImage" */ = {
			isa = XCConfigurationList;
			buildConfigurations = (
				4C93C4B717831F370056C596 /* Debug */,
				4C93C4B817831F370056C596 /* Release */,
			);
			defaultConfigurationIsVisible = 0;
			defaultConfigurationName = Release;
		};
		4C93C4B917831F370056C596 /* Build configuration list for PBXNativeTarget "DeskImage" */ = {
			isa = XCConfigurationList;
			buildConfigurations = (
				4C93C4BA17831F370056C596 /* Debug */,
				4C93C4BB17831F370056C596 /* Release */,
			);
			defaultConfigurationIsVisible = 0;
			defaultConfigurationName = Release;
		};
		4C93C4BC17831F370056C596 /* Build configuration list for PBXNativeTarget "DeskImageTests" */ = {
			isa = XCConfigurationList;
			buildConfigurations = (
				4C93C4BD17831F370056C596 /* Debug */,
				4C93C4BE17831F370056C596 /* Release */,
			);
			defaultConfigurationIsVisible = 0;
			defaultConfigurationName = Release;
		};
/* End XCConfigurationList section */
	};
	rootObject = 4C93C48017831F360056C596 /* Project object */;
}
